
Microsoft Visual Studio Solution File, Format Version 12.00
Project("{FAE04EC0-301F-11D3-BF4B-00C04F79EFBC}") = "WinFormsQtBridge.Plugin", "src\WinFormsQtBridge.Plugin\WinFormsQtBridge.Plugin.csproj", "{3663C471-F9A2-4116-9C69-2C37BC8D6087}"
EndProject
Global
	GlobalSection(SolutionConfigurationPlatforms) = preSolution
		Debug|Any CPU = Debug|Any CPU
		Release|Any CPU = Release|Any CPU
	EndGlobalSection
	GlobalSection(ProjectConfigurationPlatforms) = postSolution
		{3663C471-F9A2-4116-9C69-2C37BC8D6087}.Debug|Any CPU.ActiveCfg = Debug|Any CPU
		{3663C471-F9A2-4116-9C69-2C37BC8D6087}.Debug|Any CPU.Build.0 = Debug|Any CPU
		{3663C471-F9A2-4116-9C69-2C37BC8D6087}.Release|Any CPU.ActiveCfg = Release|Any CPU
		{3663C471-F9A2-4116-9C69-2C37BC8D6087}.Release|Any CPU.Build.0 = Release|Any CPU
	EndGlobalSection
EndGlobal
